# This file is automatically @generated by dbc. Not intended for manual editing
version = 1

[[drivers]]
name = 'duckdb'
version = '1.5.4'
platform = 'linux_amd64'
checksum = 'd7f30ef2ef4b813edb94ce82906329cc689672624a4161617ea33431040ce174'

[[drivers]]
name = 'mssql'
version = '1.5.0'
platform = 'linux_amd64'
checksum = 'b4a31ec1796cc1a0060f89693f8c712e1ce9ae71c3e8605e1ff3655c6becb1c0'

[[drivers]]
name = 'postgresql'
version = '1.11.0'
platform = 'linux_amd64'
checksum = '935d80fcad22b968ea487af877594429bd0ad7a098302c025d402f9123883099'

[[drivers]]
name = 'sqlite'
version = '1.11.0'
platform = 'linux_amd64'
checksum = 'c5b434fff3dfc2818b381997055522afc501d1a12578f9b84098db7265aa624b'
