# This file is automatically @generated by dbc. Not intended for manual editing
version = 1

[[drivers]]
name = 'postgresql'
version = '1.10.0'
platform = 'macos_arm64'
checksum = '6dc4584fe83187c6d7e0ec26134a70f22c880c7cf8c79c430950a3ddeceb0a83'

[[drivers]]
name = 'sqlite'
version = '1.10.0'
platform = 'macos_arm64'
checksum = '1874c534b076f3e24eec427d9192796e098edb2915dc79204137b7ebb732e804'

[[drivers]]
name = 'duckdb'
version = '1.4.3'
platform = 'macos_arm64'
checksum = 'e22548be6012078788cf5fd845835323c43d3e96c6ed55a45ae96a942b964acd'
